
Microsoft Visual Studio Solution File, Format Version 12.00
# Visual Studio Version 16
VisualStudioVersion = 16.0.30225.117
MinimumVisualStudioVersion = 10.0.40219.1
Project("{9A19103F-16F7-4668-BE54-9A1E7A4F7556}") = "TaxCalculator", "TaxCalculator\TaxCalculator.csproj", "{93EEE94F-A23E-4154-AA08-0414E8731C84}"
EndProject
Global
	GlobalSection(SolutionConfigurationPlatforms) = preSolution
		Debug|Any CPU = Debug|Any CPU
		Release|Any CPU = Release|Any CPU
	EndGlobalSection
	GlobalSection(ProjectConfigurationPlatforms) = postSolution
		{93EEE94F-A23E-4154-AA08-0414E8731C84}.Debug|Any CPU.ActiveCfg = Debug|Any CPU
		{93EEE94F-A23E-4154-AA08-0414E8731C84}.Debug|Any CPU.Build.0 = Debug|Any CPU
		{93EEE94F-A23E-4154-AA08-0414E8731C84}.Release|Any CPU.ActiveCfg = Release|Any CPU
		{93EEE94F-A23E-4154-AA08-0414E8731C84}.Release|Any CPU.Build.0 = Release|Any CPU
	EndGlobalSection
	GlobalSection(SolutionProperties) = preSolution
		HideSolutionNode = FALSE
	EndGlobalSection
	GlobalSection(ExtensibilityGlobals) = postSolution
		SolutionGuid = {954F8E9E-C2F9-4472-A9D9-2CE4D575265A}
	EndGlobalSection
EndGlobal
